
Microsoft Visual Studio Solution File, Format Version 12.00
# Visual Studio Version 17
VisualStudioVersion = 17.11.35327.3
MinimumVisualStudioVersion = 10.0.40219.1
Project("{FAE04EC0-301F-11D3-BF4B-00C04F79EFBC}") = "BusinessLayer", "BusinessLayer\BusinessLayer.csproj", "{100F7255-B16B-450B-9099-38E992CAA64F}"
EndProject
Project("{FAE04EC0-301F-11D3-BF4B-00C04F79EFBC}") = "CommonLayer", "CommonLayer\CommonLayer.csproj", "{E5137B85-0DB4-4009-AF43-D65C8C8DDEA7}"
EndProject
Project("{FAE04EC0-301F-11D3-BF4B-00C04F79EFBC}") = "DataAccessLayer", "DataAccessLayer\DataAccessLayer.csproj", "{A703D110-EBF3-4C92-8627-1E2A7AE12D30}"
EndProject
Project("{FAE04EC0-301F-11D3-BF4B-00C04F79EFBC}") = "PresentatioLayer", "PresentatioLayer\PresentatioLayer.csproj", "{41886F75-944F-45D1-B118-C8C92C468CE7}"
EndProject
Global
	GlobalSection(SolutionConfigurationPlatforms) = preSolution
		Debug|Any CPU = Debug|Any CPU
		Release|Any CPU = Release|Any CPU
	EndGlobalSection
	GlobalSection(ProjectConfigurationPlatforms) = postSolution
		{100F7255-B16B-450B-9099-38E992CAA64F}.Debug|Any CPU.ActiveCfg = Debug|Any CPU
		{100F7255-B16B-450B-9099-38E992CAA64F}.Debug|Any CPU.Build.0 = Debug|Any CPU
		{100F7255-B16B-450B-9099-38E992CAA64F}.Release|Any CPU.ActiveCfg = Release|Any CPU
		{100F7255-B16B-450B-9099-38E992CAA64F}.Release|Any CPU.Build.0 = Release|Any CPU
		{E5137B85-0DB4-4009-AF43-D65C8C8DDEA7}.Debug|Any CPU.ActiveCfg = Debug|Any CPU
		{E5137B85-0DB4-4009-AF43-D65C8C8DDEA7}.Debug|Any CPU.Build.0 = Debug|Any CPU
		{E5137B85-0DB4-4009-AF43-D65C8C8DDEA7}.Release|Any CPU.ActiveCfg = Release|Any CPU
		{E5137B85-0DB4-4009-AF43-D65C8C8DDEA7}.Release|Any CPU.Build.0 = Release|Any CPU
		{A703D110-EBF3-4C92-8627-1E2A7AE12D30}.Debug|Any CPU.ActiveCfg = Debug|Any CPU
		{A703D110-EBF3-4C92-8627-1E2A7AE12D30}.Debug|Any CPU.Build.0 = Debug|Any CPU
		{A703D110-EBF3-4C92-8627-1E2A7AE12D30}.Release|Any CPU.ActiveCfg = Release|Any CPU
		{A703D110-EBF3-4C92-8627-1E2A7AE12D30}.Release|Any CPU.Build.0 = Release|Any CPU
		{41886F75-944F-45D1-B118-C8C92C468CE7}.Debug|Any CPU.ActiveCfg = Debug|Any CPU
		{41886F75-944F-45D1-B118-C8C92C468CE7}.Debug|Any CPU.Build.0 = Debug|Any CPU
		{41886F75-944F-45D1-B118-C8C92C468CE7}.Release|Any CPU.ActiveCfg = Release|Any CPU
		{41886F75-944F-45D1-B118-C8C92C468CE7}.Release|Any CPU.Build.0 = Release|Any CPU
	EndGlobalSection
	GlobalSection(SolutionProperties) = preSolution
		HideSolutionNode = FALSE
	EndGlobalSection
	GlobalSection(ExtensibilityGlobals) = postSolution
		SolutionGuid = {3076B747-F909-4410-94A2-97940C0A7E6D}
	EndGlobalSection
EndGlobal
