
Microsoft Visual Studio Solution File, Format Version 12.00
# Visual Studio Version 17
VisualStudioVersion = 17.9.34714.143
MinimumVisualStudioVersion = 10.0.40219.1
Project("{FAE04EC0-301F-11D3-BF4B-00C04F79EFBC}") = "ResetasComidas", "ResetasComidas\ResetasComidas.csproj", "{C1BF555D-5219-469E-9BC8-38F07006C78E}"
EndProject
Global
	GlobalSection(SolutionConfigurationPlatforms) = preSolution
		Debug|Any CPU = Debug|Any CPU
		Release|Any CPU = Release|Any CPU
	EndGlobalSection
	GlobalSection(ProjectConfigurationPlatforms) = postSolution
		{C1BF555D-5219-469E-9BC8-38F07006C78E}.Debug|Any CPU.ActiveCfg = Debug|Any CPU
		{C1BF555D-5219-469E-9BC8-38F07006C78E}.Debug|Any CPU.Build.0 = Debug|Any CPU
		{C1BF555D-5219-469E-9BC8-38F07006C78E}.Release|Any CPU.ActiveCfg = Release|Any CPU
		{C1BF555D-5219-469E-9BC8-38F07006C78E}.Release|Any CPU.Build.0 = Release|Any CPU
	EndGlobalSection
	GlobalSection(SolutionProperties) = preSolution
		HideSolutionNode = FALSE
	EndGlobalSection
	GlobalSection(ExtensibilityGlobals) = postSolution
		SolutionGuid = {38E25180-8E7B-4A08-85EE-34AE85AA61A0}
	EndGlobalSection
EndGlobal
